
Microsoft Visual Studio Solution File, Format Version 12.00
# Visual Studio Version 16
VisualStudioVersion = 16.0.28705.295
MinimumVisualStudioVersion = 10.0.40219.1
Project("{2150E333-8FDC-42A3-9474-1A3956D46DE8}") = "EFCore20", "EFCore20", "{C0C173B6-8996-4DFB-8303-C0D79BF8BD03}"
EndProject
Project("{2150E333-8FDC-42A3-9474-1A3956D46DE8}") = "EFCore21", "EFCore21", "{A0BB65EB-A09E-4DAC-AD28-7A807E9CA6B8}"
EndProject
Project("{2150E333-8FDC-42A3-9474-1A3956D46DE8}") = "EFCore22", "EFCore22", "{A69386BD-17A0-4F3D-A2E9-FD159ABFA318}"
EndProject
Project("{2150E333-8FDC-42A3-9474-1A3956D46DE8}") = "EFCore30", "EFCore30", "{98BCB53A-74EE-4F76-80B5-A7C673AC35A5}"
EndProject
Project("{9A19103F-16F7-4668-BE54-9A1E7A4F7556}") = "CosmosDB", "cosmos-db\CosmosDB.csproj", "{765201DD-7E2E-4E5F-AF46-4E0D0CFFA9AB}"
EndProject
Project("{9A19103F-16F7-4668-BE54-9A1E7A4F7556}") = "Spatial", "spatial\Spatial.csproj", "{005BEAE5-444B-47C0-8109-7D42E58F09CF}"
EndProject
Project("{2150E333-8FDC-42A3-9474-1A3956D46DE8}") = "Tips", "Tips", "{F4D8DE4D-A696-4BC5-99F9-760CDFA428CE}"
EndProject
Project("{9A19103F-16F7-4668-BE54-9A1E7A4F7556}") = "Transactions", "Transactions\Transactions.csproj", "{95E4646A-B6BA-46CE-B91A-05CF963D63EF}"
EndProject
Project("{9A19103F-16F7-4668-BE54-9A1E7A4F7556}") = "Migrations", "Migrations\Migrations.csproj", "{286AACF7-F52C-4485-B8AA-7CCB65B4F4E1}"
EndProject
Project("{9A19103F-16F7-4668-BE54-9A1E7A4F7556}") = "NQueries", "NQueries\NQueries.csproj", "{165F7383-03C4-4A66-8120-06A99A9D6D24}"
EndProject
Project("{9A19103F-16F7-4668-BE54-9A1E7A4F7556}") = "QueryTypes", "query-types\QueryTypes.csproj", "{55FB12FA-F161-4BB8-8271-70E48CCB437A}"
EndProject
Project("{9A19103F-16F7-4668-BE54-9A1E7A4F7556}") = "ValueConverters", "value-converters\ValueConverters.csproj", "{F0E694C3-2467-4966-972A-BF24023D6354}"
EndProject
Project("{9A19103F-16F7-4668-BE54-9A1E7A4F7556}") = "Configurations", "Configurations\Configurations.csproj", "{D9AF4F3E-419B-4A81-B66E-091811E55E33}"
EndProject
Project("{FAE04EC0-301F-11D3-BF4B-00C04F79EFBC}") = "Functions", "Functions\Functions.csproj", "{1458319D-FB5F-458E-8766-D2BF9F8613D7}"
EndProject
Project("{FAE04EC0-301F-11D3-BF4B-00C04F79EFBC}") = "HintsSQLAndExtensions", "HintsSQL\HintsSQLAndExtensions.csproj", "{4343734D-FE56-425D-BFA5-BAEFC5D684B1}"
EndProject
Global
	GlobalSection(SolutionConfigurationPlatforms) = preSolution
		Debug|Any CPU = Debug|Any CPU
		Release|Any CPU = Release|Any CPU
	EndGlobalSection
	GlobalSection(ProjectConfigurationPlatforms) = postSolution
		{765201DD-7E2E-4E5F-AF46-4E0D0CFFA9AB}.Debug|Any CPU.ActiveCfg = Debug|Any CPU
		{765201DD-7E2E-4E5F-AF46-4E0D0CFFA9AB}.Debug|Any CPU.Build.0 = Debug|Any CPU
		{765201DD-7E2E-4E5F-AF46-4E0D0CFFA9AB}.Release|Any CPU.ActiveCfg = Release|Any CPU
		{765201DD-7E2E-4E5F-AF46-4E0D0CFFA9AB}.Release|Any CPU.Build.0 = Release|Any CPU
		{005BEAE5-444B-47C0-8109-7D42E58F09CF}.Debug|Any CPU.ActiveCfg = Debug|Any CPU
		{005BEAE5-444B-47C0-8109-7D42E58F09CF}.Debug|Any CPU.Build.0 = Debug|Any CPU
		{005BEAE5-444B-47C0-8109-7D42E58F09CF}.Release|Any CPU.ActiveCfg = Release|Any CPU
		{005BEAE5-444B-47C0-8109-7D42E58F09CF}.Release|Any CPU.Build.0 = Release|Any CPU
		{95E4646A-B6BA-46CE-B91A-05CF963D63EF}.Debug|Any CPU.ActiveCfg = Debug|Any CPU
		{95E4646A-B6BA-46CE-B91A-05CF963D63EF}.Debug|Any CPU.Build.0 = Debug|Any CPU
		{95E4646A-B6BA-46CE-B91A-05CF963D63EF}.Release|Any CPU.ActiveCfg = Release|Any CPU
		{95E4646A-B6BA-46CE-B91A-05CF963D63EF}.Release|Any CPU.Build.0 = Release|Any CPU
		{286AACF7-F52C-4485-B8AA-7CCB65B4F4E1}.Debug|Any CPU.ActiveCfg = Debug|Any CPU
		{286AACF7-F52C-4485-B8AA-7CCB65B4F4E1}.Debug|Any CPU.Build.0 = Debug|Any CPU
		{286AACF7-F52C-4485-B8AA-7CCB65B4F4E1}.Release|Any CPU.ActiveCfg = Release|Any CPU
		{286AACF7-F52C-4485-B8AA-7CCB65B4F4E1}.Release|Any CPU.Build.0 = Release|Any CPU
		{165F7383-03C4-4A66-8120-06A99A9D6D24}.Debug|Any CPU.ActiveCfg = Debug|Any CPU
		{165F7383-03C4-4A66-8120-06A99A9D6D24}.Debug|Any CPU.Build.0 = Debug|Any CPU
		{165F7383-03C4-4A66-8120-06A99A9D6D24}.Release|Any CPU.ActiveCfg = Release|Any CPU
		{165F7383-03C4-4A66-8120-06A99A9D6D24}.Release|Any CPU.Build.0 = Release|Any CPU
		{55FB12FA-F161-4BB8-8271-70E48CCB437A}.Debug|Any CPU.ActiveCfg = Debug|Any CPU
		{55FB12FA-F161-4BB8-8271-70E48CCB437A}.Debug|Any CPU.Build.0 = Debug|Any CPU
		{55FB12FA-F161-4BB8-8271-70E48CCB437A}.Release|Any CPU.ActiveCfg = Release|Any CPU
		{55FB12FA-F161-4BB8-8271-70E48CCB437A}.Release|Any CPU.Build.0 = Release|Any CPU
		{F0E694C3-2467-4966-972A-BF24023D6354}.Debug|Any CPU.ActiveCfg = Debug|Any CPU
		{F0E694C3-2467-4966-972A-BF24023D6354}.Debug|Any CPU.Build.0 = Debug|Any CPU
		{F0E694C3-2467-4966-972A-BF24023D6354}.Release|Any CPU.ActiveCfg = Release|Any CPU
		{F0E694C3-2467-4966-972A-BF24023D6354}.Release|Any CPU.Build.0 = Release|Any CPU
		{D9AF4F3E-419B-4A81-B66E-091811E55E33}.Debug|Any CPU.ActiveCfg = Debug|Any CPU
		{D9AF4F3E-419B-4A81-B66E-091811E55E33}.Debug|Any CPU.Build.0 = Debug|Any CPU
		{D9AF4F3E-419B-4A81-B66E-091811E55E33}.Release|Any CPU.ActiveCfg = Release|Any CPU
		{D9AF4F3E-419B-4A81-B66E-091811E55E33}.Release|Any CPU.Build.0 = Release|Any CPU
		{1458319D-FB5F-458E-8766-D2BF9F8613D7}.Debug|Any CPU.ActiveCfg = Debug|Any CPU
		{1458319D-FB5F-458E-8766-D2BF9F8613D7}.Debug|Any CPU.Build.0 = Debug|Any CPU
		{1458319D-FB5F-458E-8766-D2BF9F8613D7}.Release|Any CPU.ActiveCfg = Release|Any CPU
		{1458319D-FB5F-458E-8766-D2BF9F8613D7}.Release|Any CPU.Build.0 = Release|Any CPU
		{4343734D-FE56-425D-BFA5-BAEFC5D684B1}.Debug|Any CPU.ActiveCfg = Debug|Any CPU
		{4343734D-FE56-425D-BFA5-BAEFC5D684B1}.Debug|Any CPU.Build.0 = Debug|Any CPU
		{4343734D-FE56-425D-BFA5-BAEFC5D684B1}.Release|Any CPU.ActiveCfg = Release|Any CPU
		{4343734D-FE56-425D-BFA5-BAEFC5D684B1}.Release|Any CPU.Build.0 = Release|Any CPU
	EndGlobalSection
	GlobalSection(SolutionProperties) = preSolution
		HideSolutionNode = FALSE
	EndGlobalSection
	GlobalSection(NestedProjects) = preSolution
		{765201DD-7E2E-4E5F-AF46-4E0D0CFFA9AB} = {A69386BD-17A0-4F3D-A2E9-FD159ABFA318}
		{005BEAE5-444B-47C0-8109-7D42E58F09CF} = {A69386BD-17A0-4F3D-A2E9-FD159ABFA318}
		{95E4646A-B6BA-46CE-B91A-05CF963D63EF} = {A0BB65EB-A09E-4DAC-AD28-7A807E9CA6B8}
		{286AACF7-F52C-4485-B8AA-7CCB65B4F4E1} = {F4D8DE4D-A696-4BC5-99F9-760CDFA428CE}
		{165F7383-03C4-4A66-8120-06A99A9D6D24} = {98BCB53A-74EE-4F76-80B5-A7C673AC35A5}
		{55FB12FA-F161-4BB8-8271-70E48CCB437A} = {A0BB65EB-A09E-4DAC-AD28-7A807E9CA6B8}
		{F0E694C3-2467-4966-972A-BF24023D6354} = {A0BB65EB-A09E-4DAC-AD28-7A807E9CA6B8}
		{D9AF4F3E-419B-4A81-B66E-091811E55E33} = {A69386BD-17A0-4F3D-A2E9-FD159ABFA318}
		{1458319D-FB5F-458E-8766-D2BF9F8613D7} = {F4D8DE4D-A696-4BC5-99F9-760CDFA428CE}
		{4343734D-FE56-425D-BFA5-BAEFC5D684B1} = {F4D8DE4D-A696-4BC5-99F9-760CDFA428CE}
	EndGlobalSection
	GlobalSection(ExtensibilityGlobals) = postSolution
		SolutionGuid = {0623FC40-F0A2-4C08-9CDB-7037A60E7F09}
	EndGlobalSection
EndGlobal
